
Microsoft Visual Studio Solution File, Format Version 12.00
# Visual Studio 15
Project("{FAE04EC0-301F-11D3-BF4B-00C04F79EFBC}") = "Fungus", "Fungus.csproj", "{F475EB14-352F-599E-7E0E-1EE03BE3500C}"
EndProject
Project("{FAE04EC0-301F-11D3-BF4B-00C04F79EFBC}") = "Assembly-CSharp", "Assembly-CSharp.csproj", "{79C9E2BE-49E1-E548-3669-7A511DC990F8}"
EndProject
Project("{FAE04EC0-301F-11D3-BF4B-00C04F79EFBC}") = "FungusExamples", "FungusExamples.csproj", "{D3061D42-5AD9-B26A-D417-67759669113A}"
EndProject
Project("{FAE04EC0-301F-11D3-BF4B-00C04F79EFBC}") = "FungusPlayModeTests", "FungusPlayModeTests.csproj", "{2E155B28-59DA-20B2-2FBE-00F07229A7E1}"
EndProject
Project("{FAE04EC0-301F-11D3-BF4B-00C04F79EFBC}") = "FungusEditor", "FungusEditor.csproj", "{A2C58C93-DE99-94DA-2E37-CF347456B065}"
EndProject
Project("{FAE04EC0-301F-11D3-BF4B-00C04F79EFBC}") = "FungusEditorTests", "FungusEditorTests.csproj", "{50B1D428-FB22-F2F7-5DD3-7B5FADB4DBFE}"
EndProject
Project("{FAE04EC0-301F-11D3-BF4B-00C04F79EFBC}") = "Fungus.FungusLuaJSONCheckerEditor", "Fungus.FungusLuaJSONCheckerEditor.csproj", "{AF9452D3-6F6B-D110-DC12-824782CDCFD6}"
EndProject
Project("{FAE04EC0-301F-11D3-BF4B-00C04F79EFBC}") = "Fungus.FungusLuaEditor", "Fungus.FungusLuaEditor.csproj", "{C1722C71-F126-6AE9-263E-29BBBB833B0A}"
EndProject
Project("{FAE04EC0-301F-11D3-BF4B-00C04F79EFBC}") = "Fungus.UsfxrEditor", "Fungus.UsfxrEditor.csproj", "{1A84FD05-91EC-0E87-285D-EEB881C101F9}"
EndProject
Project("{FAE04EC0-301F-11D3-BF4B-00C04F79EFBC}") = "Fungus.LineEndingsEditor", "Fungus.LineEndingsEditor.csproj", "{112F555A-1B42-BBC2-7A95-756D363074DE}"
EndProject
Global
	GlobalSection(SolutionConfigurationPlatforms) = preSolution
		Debug|Any CPU = Debug|Any CPU
		Release|Any CPU = Release|Any CPU
	EndGlobalSection
	GlobalSection(ProjectConfigurationPlatforms) = postSolution
		{F475EB14-352F-599E-7E0E-1EE03BE3500C}.Debug|Any CPU.ActiveCfg = Debug|Any CPU
		{F475EB14-352F-599E-7E0E-1EE03BE3500C}.Debug|Any CPU.Build.0 = Debug|Any CPU
		{F475EB14-352F-599E-7E0E-1EE03BE3500C}.Release|Any CPU.ActiveCfg = Release|Any CPU
		{F475EB14-352F-599E-7E0E-1EE03BE3500C}.Release|Any CPU.Build.0 = Release|Any CPU
		{79C9E2BE-49E1-E548-3669-7A511DC990F8}.Debug|Any CPU.ActiveCfg = Debug|Any CPU
		{79C9E2BE-49E1-E548-3669-7A511DC990F8}.Debug|Any CPU.Build.0 = Debug|Any CPU
		{79C9E2BE-49E1-E548-3669-7A511DC990F8}.Release|Any CPU.ActiveCfg = Release|Any CPU
		{79C9E2BE-49E1-E548-3669-7A511DC990F8}.Release|Any CPU.Build.0 = Release|Any CPU
		{D3061D42-5AD9-B26A-D417-67759669113A}.Debug|Any CPU.ActiveCfg = Debug|Any CPU
		{D3061D42-5AD9-B26A-D417-67759669113A}.Debug|Any CPU.Build.0 = Debug|Any CPU
		{D3061D42-5AD9-B26A-D417-67759669113A}.Release|Any CPU.ActiveCfg = Release|Any CPU
		{D3061D42-5AD9-B26A-D417-67759669113A}.Release|Any CPU.Build.0 = Release|Any CPU
		{2E155B28-59DA-20B2-2FBE-00F07229A7E1}.Debug|Any CPU.ActiveCfg = Debug|Any CPU
		{2E155B28-59DA-20B2-2FBE-00F07229A7E1}.Debug|Any CPU.Build.0 = Debug|Any CPU
		{2E155B28-59DA-20B2-2FBE-00F07229A7E1}.Release|Any CPU.ActiveCfg = Release|Any CPU
		{2E155B28-59DA-20B2-2FBE-00F07229A7E1}.Release|Any CPU.Build.0 = Release|Any CPU
		{A2C58C93-DE99-94DA-2E37-CF347456B065}.Debug|Any CPU.ActiveCfg = Debug|Any CPU
		{A2C58C93-DE99-94DA-2E37-CF347456B065}.Debug|Any CPU.Build.0 = Debug|Any CPU
		{A2C58C93-DE99-94DA-2E37-CF347456B065}.Release|Any CPU.ActiveCfg = Release|Any CPU
		{A2C58C93-DE99-94DA-2E37-CF347456B065}.Release|Any CPU.Build.0 = Release|Any CPU
		{50B1D428-FB22-F2F7-5DD3-7B5FADB4DBFE}.Debug|Any CPU.ActiveCfg = Debug|Any CPU
		{50B1D428-FB22-F2F7-5DD3-7B5FADB4DBFE}.Debug|Any CPU.Build.0 = Debug|Any CPU
		{50B1D428-FB22-F2F7-5DD3-7B5FADB4DBFE}.Release|Any CPU.ActiveCfg = Release|Any CPU
		{50B1D428-FB22-F2F7-5DD3-7B5FADB4DBFE}.Release|Any CPU.Build.0 = Release|Any CPU
		{AF9452D3-6F6B-D110-DC12-824782CDCFD6}.Debug|Any CPU.ActiveCfg = Debug|Any CPU
		{AF9452D3-6F6B-D110-DC12-824782CDCFD6}.Debug|Any CPU.Build.0 = Debug|Any CPU
		{AF9452D3-6F6B-D110-DC12-824782CDCFD6}.Release|Any CPU.ActiveCfg = Release|Any CPU
		{AF9452D3-6F6B-D110-DC12-824782CDCFD6}.Release|Any CPU.Build.0 = Release|Any CPU
		{C1722C71-F126-6AE9-263E-29BBBB833B0A}.Debug|Any CPU.ActiveCfg = Debug|Any CPU
		{C1722C71-F126-6AE9-263E-29BBBB833B0A}.Debug|Any CPU.Build.0 = Debug|Any CPU
		{C1722C71-F126-6AE9-263E-29BBBB833B0A}.Release|Any CPU.ActiveCfg = Release|Any CPU
		{C1722C71-F126-6AE9-263E-29BBBB833B0A}.Release|Any CPU.Build.0 = Release|Any CPU
		{1A84FD05-91EC-0E87-285D-EEB881C101F9}.Debug|Any CPU.ActiveCfg = Debug|Any CPU
		{1A84FD05-91EC-0E87-285D-EEB881C101F9}.Debug|Any CPU.Build.0 = Debug|Any CPU
		{1A84FD05-91EC-0E87-285D-EEB881C101F9}.Release|Any CPU.ActiveCfg = Release|Any CPU
		{1A84FD05-91EC-0E87-285D-EEB881C101F9}.Release|Any CPU.Build.0 = Release|Any CPU
		{112F555A-1B42-BBC2-7A95-756D363074DE}.Debug|Any CPU.ActiveCfg = Debug|Any CPU
		{112F555A-1B42-BBC2-7A95-756D363074DE}.Debug|Any CPU.Build.0 = Debug|Any CPU
		{112F555A-1B42-BBC2-7A95-756D363074DE}.Release|Any CPU.ActiveCfg = Release|Any CPU
		{112F555A-1B42-BBC2-7A95-756D363074DE}.Release|Any CPU.Build.0 = Release|Any CPU
	EndGlobalSection
	GlobalSection(SolutionProperties) = preSolution
		HideSolutionNode = FALSE
	EndGlobalSection
EndGlobal
